# @generated by Move, please check-in and do not edit manually.

[move]
version = 3
manifest_digest = "41CE1CB1E4C10D8CC7EFCF87110956459A6A011F88210DA5F306AF1A8FA8B7CF"
deps_digest = "F8BBB0CCB2491CA29A3DF03D6F92277A4F3574266507ACD77214D37ECA3F3082"
dependencies = [
  { id = "One", name = "One" },
]

[[move.package]]
id = "MoveStdlib"
source = { git = "https://github.com/one-chain-labs/onechain.git", rev = "main", subdir = "crates/sui-framework/packages/move-stdlib" }

[[move.package]]
id = "One"
source = { git = "https://github.com/one-chain-labs/onechain.git", rev = "main", subdir = "crates/sui-framework/packages/one-framework" }

dependencies = [
  { id = "MoveStdlib", name = "MoveStdlib" },
]

[move.toolchain-version]
compiler-version = "1.0.1"
edition = "2024.beta"
flavor = "one"

[env]

[env.testnet]
chain-id = "1bd5c965"
original-published-id = "0xcbb42645cd33641692de2777084d81cb48f297781bb1fed43ef6e18c33a448de"
latest-published-id = "0xcbb42645cd33641692de2777084d81cb48f297781bb1fed43ef6e18c33a448de"
published-version = "1"
