# @generated by Move, please check-in and do not edit manually.

[move]
version = 3
manifest_digest = "A39A83B5801B7838EF1974F28C330417AEB042595DEF3BF94D5ED2F5B6F1A7C9"
deps_digest = "3C4103934B1E040BB6B23F1D610B4EF9F2F1166A50A104EADCF77467C004C600"
dependencies = [
  { id = "One", name = "One" },
  { id = "issuerregistry", name = "issuerregistry" },
]

[[move.package]]
id = "MoveStdlib"
source = { git = "https://github.com/one-chain-labs/onechain.git", rev = "main", subdir = "crates/sui-framework/packages/move-stdlib" }

[[move.package]]
id = "One"
source = { git = "https://github.com/one-chain-labs/onechain.git", rev = "main", subdir = "crates/sui-framework/packages/one-framework" }

dependencies = [
  { id = "MoveStdlib", name = "MoveStdlib" },
]

[[move.package]]
id = "issuerregistry"
source = { local = "../issuerregistry" }

dependencies = [
  { id = "One", name = "One" },
]

[move.toolchain-version]
compiler-version = "1.0.1"
edition = "2024.beta"
flavor = "one"

[env]

[env.testnet]
chain-id = "1bd5c965"
original-published-id = "0xd64e54e9e5368e88c46403815a13eb1eb3d6301c8438650767778ee1bc35b8e6"
latest-published-id = "0xd64e54e9e5368e88c46403815a13eb1eb3d6301c8438650767778ee1bc35b8e6"
published-version = "1"
