# @generated by Move, please check-in and do not edit manually.

[move]
version = 3
manifest_digest = "1EFFFCC8526A6B11233160C15786EBC1E80D99DCD33BD21D7AED543B1178B416"
deps_digest = "F9B494B64F0615AED0E98FC12A85B85ECD2BC5185C22D30E7F67786BB52E507C"
dependencies = [
  { id = "One", name = "One" },
  { id = "admin", name = "admin" },
  { id = "issuerregistry", name = "issuerregistry" },
  { id = "rwaasset", name = "rwaasset" },
]

[[move.package]]
id = "MoveStdlib"
source = { git = "https://github.com/one-chain-labs/onechain.git", rev = "main", subdir = "crates/sui-framework/packages/move-stdlib" }

[[move.package]]
id = "One"
source = { git = "https://github.com/one-chain-labs/onechain.git", rev = "main", subdir = "crates/sui-framework/packages/one-framework" }

dependencies = [
  { id = "MoveStdlib", name = "MoveStdlib" },
]

[[move.package]]
id = "admin"
source = { local = "../admin" }

dependencies = [
  { id = "One", name = "One" },
]

[[move.package]]
id = "issuerregistry"
source = { local = "../issuerregistry" }

dependencies = [
  { id = "One", name = "One" },
]

[[move.package]]
id = "rwaasset"
source = { local = "../rwaasset" }

dependencies = [
  { id = "One", name = "One" },
  { id = "issuerregistry", name = "issuerregistry" },
]

[move.toolchain-version]
compiler-version = "1.0.1"
edition = "2024.beta"
flavor = "one"

[env]

[env.testnet]
chain-id = "1bd5c965"
original-published-id = "0x5a103ccfaff901c4be1eaf6592f4c3e9e0e4fea33cdcb5cb7ec3fc205aa3ef79"
latest-published-id = "0x5a103ccfaff901c4be1eaf6592f4c3e9e0e4fea33cdcb5cb7ec3fc205aa3ef79"
published-version = "1"
